
Microsoft Visual Studio Solution File, Format Version 12.00
# Visual Studio Version 16
VisualStudioVersion = 16.0.31410.357
MinimumVisualStudioVersion = 10.0.40219.1
Project("{FAE04EC0-301F-11D3-BF4B-00C04F79EFBC}") = "RoadQualitySystem", "RoadQualitySystem\RoadQualitySystem.csproj", "{041A43D1-5E90-431C-B58C-B1FCA8C616A7}"
EndProject
Global
	GlobalSection(SolutionConfigurationPlatforms) = preSolution
		Debug|Any CPU = Debug|Any CPU
		Release|Any CPU = Release|Any CPU
	EndGlobalSection
	GlobalSection(ProjectConfigurationPlatforms) = postSolution
		{041A43D1-5E90-431C-B58C-B1FCA8C616A7}.Debug|Any CPU.ActiveCfg = Debug|Any CPU
		{041A43D1-5E90-431C-B58C-B1FCA8C616A7}.Debug|Any CPU.Build.0 = Debug|Any CPU
		{041A43D1-5E90-431C-B58C-B1FCA8C616A7}.Release|Any CPU.ActiveCfg = Release|Any CPU
		{041A43D1-5E90-431C-B58C-B1FCA8C616A7}.Release|Any CPU.Build.0 = Release|Any CPU
	EndGlobalSection
	GlobalSection(SolutionProperties) = preSolution
		HideSolutionNode = FALSE
	EndGlobalSection
	GlobalSection(ExtensibilityGlobals) = postSolution
		SolutionGuid = {BA3996C2-526D-4B5D-B560-EBDA57A91D4A}
	EndGlobalSection
EndGlobal
